
Microsoft Visual Studio Solution File, Format Version 12.00
# Visual Studio Version 16
VisualStudioVersion = 16.0.29102.190
MinimumVisualStudioVersion = 10.0.40219.1
Project("{FAE04EC0-301F-11D3-BF4B-00C04F79EFBC}") = "SonarDotNet", "SonarDotNet.csproj", "{3697072E-07D2-48C1-8564-30E28E47F47F}"
EndProject
Project("{2150E333-8FDC-42A3-9474-1A3956D46DE8}") = "Solution Items", "Solution Items", "{4D3288EF-5300-4B63-84F4-53DE08B2DB1E}"
	ProjectSection(SolutionItems) = preProject
		Class1.cs = Class1.cs
	EndProjectSection
EndProject
Global
	GlobalSection(SolutionConfigurationPlatforms) = preSolution
		Debug|Any CPU = Debug|Any CPU
		Release|Any CPU = Release|Any CPU
	EndGlobalSection
	GlobalSection(ProjectConfigurationPlatforms) = postSolution
		{3697072E-07D2-48C1-8564-30E28E47F47F}.Debug|Any CPU.ActiveCfg = Debug|Any CPU
		{3697072E-07D2-48C1-8564-30E28E47F47F}.Debug|Any CPU.Build.0 = Debug|Any CPU
		{3697072E-07D2-48C1-8564-30E28E47F47F}.Release|Any CPU.ActiveCfg = Release|Any CPU
		{3697072E-07D2-48C1-8564-30E28E47F47F}.Release|Any CPU.Build.0 = Release|Any CPU
	EndGlobalSection
	GlobalSection(SolutionProperties) = preSolution
		HideSolutionNode = FALSE
	EndGlobalSection
	GlobalSection(ExtensibilityGlobals) = postSolution
		SolutionGuid = {72DDD01B-9EAE-4BDE-B5D6-1B4380517BED}
	EndGlobalSection
EndGlobal
